
Microsoft Visual Studio Solution File, Format Version 12.00
# Visual Studio Version 16
VisualStudioVersion = 25.0.1700.2
MinimumVisualStudioVersion = 10.0.40219.1
Project("{FAE04EC0-301F-11D3-BF4B-00C04F79EFBC}") = "passwordtest", "passwordtest\passwordtest.csproj", "{CFA09821-6525-422C-8985-CD98FE239854}"
EndProject
Global
	GlobalSection(SolutionConfigurationPlatforms) = preSolution
		Debug|Any CPU = Debug|Any CPU
		Release|Any CPU = Release|Any CPU
	EndGlobalSection
	GlobalSection(ProjectConfigurationPlatforms) = postSolution
		{CFA09821-6525-422C-8985-CD98FE239854}.Debug|Any CPU.ActiveCfg = Debug|Any CPU
		{CFA09821-6525-422C-8985-CD98FE239854}.Debug|Any CPU.Build.0 = Debug|Any CPU
		{CFA09821-6525-422C-8985-CD98FE239854}.Release|Any CPU.ActiveCfg = Release|Any CPU
		{CFA09821-6525-422C-8985-CD98FE239854}.Release|Any CPU.Build.0 = Release|Any CPU
	EndGlobalSection
	GlobalSection(SolutionProperties) = preSolution
		HideSolutionNode = FALSE
	EndGlobalSection
	GlobalSection(ExtensibilityGlobals) = postSolution
		SolutionGuid = {9EFFBBA6-D240-4CC3-B289-BA7C0C6AB2AD}
	EndGlobalSection
EndGlobal
